
Microsoft Visual Studio Solution File, Format Version 12.00
# Visual Studio Version 17
VisualStudioVersion = 17.1.32414.318
MinimumVisualStudioVersion = 10.0.40219.1
Project("{FAE04EC0-301F-11D3-BF4B-00C04F79EFBC}") = "BethanysPieShop", "BethanysPieShop\BethanysPieShop.csproj", "{34CC4BC0-C522-4995-9E9F-A3F38C8F71EE}"
EndProject
Global
	GlobalSection(SolutionConfigurationPlatforms) = preSolution
		Debug|Any CPU = Debug|Any CPU
		Release|Any CPU = Release|Any CPU
	EndGlobalSection
	GlobalSection(ProjectConfigurationPlatforms) = postSolution
		{34CC4BC0-C522-4995-9E9F-A3F38C8F71EE}.Debug|Any CPU.ActiveCfg = Debug|Any CPU
		{34CC4BC0-C522-4995-9E9F-A3F38C8F71EE}.Debug|Any CPU.Build.0 = Debug|Any CPU
		{34CC4BC0-C522-4995-9E9F-A3F38C8F71EE}.Release|Any CPU.ActiveCfg = Release|Any CPU
		{34CC4BC0-C522-4995-9E9F-A3F38C8F71EE}.Release|Any CPU.Build.0 = Release|Any CPU
	EndGlobalSection
	GlobalSection(SolutionProperties) = preSolution
		HideSolutionNode = FALSE
	EndGlobalSection
	GlobalSection(ExtensibilityGlobals) = postSolution
		SolutionGuid = {F9442D11-1DF0-4306-BC40-6A3CDFE8F14F}
	EndGlobalSection
EndGlobal
