
Microsoft Visual Studio Solution File, Format Version 12.00
# Visual Studio Version 16
VisualStudioVersion = 25.0.1703.8
MinimumVisualStudioVersion = 10.0.40219.1
Project("{FAE04EC0-301F-11D3-BF4B-00C04F79EFBC}") = "LambdaExample", "LambdaExample\LambdaExample.csproj", "{C06FB8E1-4C70-414A-A8A6-F4346EC3E4D1}"
EndProject
Global
	GlobalSection(SolutionConfigurationPlatforms) = preSolution
		Debug|Any CPU = Debug|Any CPU
		Release|Any CPU = Release|Any CPU
	EndGlobalSection
	GlobalSection(ProjectConfigurationPlatforms) = postSolution
		{C06FB8E1-4C70-414A-A8A6-F4346EC3E4D1}.Debug|Any CPU.ActiveCfg = Debug|Any CPU
		{C06FB8E1-4C70-414A-A8A6-F4346EC3E4D1}.Debug|Any CPU.Build.0 = Debug|Any CPU
		{C06FB8E1-4C70-414A-A8A6-F4346EC3E4D1}.Release|Any CPU.ActiveCfg = Release|Any CPU
		{C06FB8E1-4C70-414A-A8A6-F4346EC3E4D1}.Release|Any CPU.Build.0 = Release|Any CPU
	EndGlobalSection
	GlobalSection(SolutionProperties) = preSolution
		HideSolutionNode = FALSE
	EndGlobalSection
	GlobalSection(ExtensibilityGlobals) = postSolution
		SolutionGuid = {026CA9DC-E942-4A8C-8775-85C01D957304}
	EndGlobalSection
EndGlobal
