
Microsoft Visual Studio Solution File, Format Version 12.00
# Visual Studio Version 16
VisualStudioVersion = 25.0.1703.8
MinimumVisualStudioVersion = 10.0.40219.1
Project("{FAE04EC0-301F-11D3-BF4B-00C04F79EFBC}") = "StringExample", "StringExample\StringExample.csproj", "{005D573A-5076-44EF-B8DA-1BC3D4AE9996}"
EndProject
Global
	GlobalSection(SolutionConfigurationPlatforms) = preSolution
		Debug|Any CPU = Debug|Any CPU
		Release|Any CPU = Release|Any CPU
	EndGlobalSection
	GlobalSection(ProjectConfigurationPlatforms) = postSolution
		{005D573A-5076-44EF-B8DA-1BC3D4AE9996}.Debug|Any CPU.ActiveCfg = Debug|Any CPU
		{005D573A-5076-44EF-B8DA-1BC3D4AE9996}.Debug|Any CPU.Build.0 = Debug|Any CPU
		{005D573A-5076-44EF-B8DA-1BC3D4AE9996}.Release|Any CPU.ActiveCfg = Release|Any CPU
		{005D573A-5076-44EF-B8DA-1BC3D4AE9996}.Release|Any CPU.Build.0 = Release|Any CPU
	EndGlobalSection
	GlobalSection(SolutionProperties) = preSolution
		HideSolutionNode = FALSE
	EndGlobalSection
	GlobalSection(ExtensibilityGlobals) = postSolution
		SolutionGuid = {9AD185FB-33B5-41DB-9B23-FA0B9302F3CB}
	EndGlobalSection
EndGlobal
