
Microsoft Visual Studio Solution File, Format Version 12.00
# Visual Studio Version 16
VisualStudioVersion = 25.0.1703.8
MinimumVisualStudioVersion = 10.0.40219.1
Project("{FAE04EC0-301F-11D3-BF4B-00C04F79EFBC}") = "EmployeeManagement", "EmployeeManagement\EmployeeManagement.csproj", "{AF234D1A-F8AF-4F33-BF7D-5D1784894B0F}"
EndProject
Global
	GlobalSection(SolutionConfigurationPlatforms) = preSolution
		Debug|Any CPU = Debug|Any CPU
		Release|Any CPU = Release|Any CPU
	EndGlobalSection
	GlobalSection(ProjectConfigurationPlatforms) = postSolution
		{AF234D1A-F8AF-4F33-BF7D-5D1784894B0F}.Debug|Any CPU.ActiveCfg = Debug|Any CPU
		{AF234D1A-F8AF-4F33-BF7D-5D1784894B0F}.Debug|Any CPU.Build.0 = Debug|Any CPU
		{AF234D1A-F8AF-4F33-BF7D-5D1784894B0F}.Release|Any CPU.ActiveCfg = Release|Any CPU
		{AF234D1A-F8AF-4F33-BF7D-5D1784894B0F}.Release|Any CPU.Build.0 = Release|Any CPU
	EndGlobalSection
	GlobalSection(SolutionProperties) = preSolution
		HideSolutionNode = FALSE
	EndGlobalSection
	GlobalSection(ExtensibilityGlobals) = postSolution
		SolutionGuid = {95B61C10-5F18-47D5-980D-16CF870FCF36}
	EndGlobalSection
EndGlobal
