
Microsoft Visual Studio Solution File, Format Version 12.00
# Visual Studio Version 16
VisualStudioVersion = 25.0.1703.8
MinimumVisualStudioVersion = 10.0.40219.1
Project("{FAE04EC0-301F-11D3-BF4B-00C04F79EFBC}") = "privateaccessmodifier", "privateaccessmodifier\privateaccessmodifier.csproj", "{58F5D148-B7C4-4283-97B4-1DF5CF4185B5}"
EndProject
Global
	GlobalSection(SolutionConfigurationPlatforms) = preSolution
		Debug|Any CPU = Debug|Any CPU
		Release|Any CPU = Release|Any CPU
	EndGlobalSection
	GlobalSection(ProjectConfigurationPlatforms) = postSolution
		{58F5D148-B7C4-4283-97B4-1DF5CF4185B5}.Debug|Any CPU.ActiveCfg = Debug|Any CPU
		{58F5D148-B7C4-4283-97B4-1DF5CF4185B5}.Debug|Any CPU.Build.0 = Debug|Any CPU
		{58F5D148-B7C4-4283-97B4-1DF5CF4185B5}.Release|Any CPU.ActiveCfg = Release|Any CPU
		{58F5D148-B7C4-4283-97B4-1DF5CF4185B5}.Release|Any CPU.Build.0 = Release|Any CPU
	EndGlobalSection
	GlobalSection(SolutionProperties) = preSolution
		HideSolutionNode = FALSE
	EndGlobalSection
	GlobalSection(ExtensibilityGlobals) = postSolution
		SolutionGuid = {52B5CB66-4C3C-490E-83F4-A5B1F889B2F9}
	EndGlobalSection
EndGlobal
