
Microsoft Visual Studio Solution File, Format Version 12.00
# Visual Studio Version 16
VisualStudioVersion = 25.0.1703.8
MinimumVisualStudioVersion = 10.0.40219.1
Project("{FAE04EC0-301F-11D3-BF4B-00C04F79EFBC}") = "ArrayExample", "ArrayExample\ArrayExample.csproj", "{FEDAC9C0-515D-4CB7-88D6-6BFA04557639}"
EndProject
Global
	GlobalSection(SolutionConfigurationPlatforms) = preSolution
		Debug|Any CPU = Debug|Any CPU
		Release|Any CPU = Release|Any CPU
	EndGlobalSection
	GlobalSection(ProjectConfigurationPlatforms) = postSolution
		{FEDAC9C0-515D-4CB7-88D6-6BFA04557639}.Debug|Any CPU.ActiveCfg = Debug|Any CPU
		{FEDAC9C0-515D-4CB7-88D6-6BFA04557639}.Debug|Any CPU.Build.0 = Debug|Any CPU
		{FEDAC9C0-515D-4CB7-88D6-6BFA04557639}.Release|Any CPU.ActiveCfg = Release|Any CPU
		{FEDAC9C0-515D-4CB7-88D6-6BFA04557639}.Release|Any CPU.Build.0 = Release|Any CPU
	EndGlobalSection
	GlobalSection(SolutionProperties) = preSolution
		HideSolutionNode = FALSE
	EndGlobalSection
	GlobalSection(ExtensibilityGlobals) = postSolution
		SolutionGuid = {64694820-CD6D-4081-B854-E1DEC70E0AEA}
	EndGlobalSection
EndGlobal
